{
  "name": "examples",
  "version": "1.0.0",
  "lockfileVersion": 1,
  "requires": true,
  "dependencies": {
    "@types/node": {
      "version": "9.6.57",
      "resolved": "https://registry.npmjs.org/@types/node/-/node-9.6.57.tgz",
      "integrity": "sha512-588MBlPWKeJFshLmnYbqMEaM3NaJFCVZFgpQ5rQxKCVXMNw2Gs7sTORvCDlaPBP6AabiIvmd22eT9fcIvTeZUw=="
    },
    "readline": {
      "version": "1.3.0",
      "resolved": "https://registry.npmjs.org/readline/-/readline-1.3.0.tgz",
      "integrity": "sha1-xYDXfvLPyHUrEySYBg3JeTp6wBw="
    }
  }
}
